

Microsoft Visual Studio Solution File, Format Version 12.00
# Visual Studio Version 17
VisualStudioVersion = 17.6.33815.320
MinimumVisualStudioVersion = 10.0.40219.1
Project("{FAE04EC0-301F-11D3-BF4B-00C04F79EFBC}") = "ConsoleApp16", "ConsoleApp16\ConsoleApp16.csproj", "{B9D944B1-7E5B-480E-BED5-EF914E600CD0}"
EndProject
Global
	GlobalSection(SolutionConfigurationPlatforms) = preSolution
		Debug|Any CPU = Debug|Any CPU
		Release|Any CPU = Release|Any CPU
	EndGlobalSection
	GlobalSection(ProjectConfigurationPlatforms) = postSolution
		{B9D944B1-7E5B-480E-BED5-EF914E600CD0}.Debug|Any CPU.ActiveCfg = Debug|Any CPU
		{B9D944B1-7E5B-480E-BED5-EF914E600CD0}.Debug|Any CPU.Build.0 = Debug|Any CPU
		{B9D944B1-7E5B-480E-BED5-EF914E600CD0}.Release|Any CPU.ActiveCfg = Release|Any CPU
		{B9D944B1-7E5B-480E-BED5-EF914E600CD0}.Release|Any CPU.Build.0 = Release|Any CPU
	EndGlobalSection
	GlobalSection(SolutionProperties) = preSolution
		HideSolutionNode = FALSE
	EndGlobalSection
	GlobalSection(ExtensibilityGlobals) = postSolution
		SolutionGuid = {776721D9-ACBA-4349-90F6-238EFE6AC361}
	EndGlobalSection
EndGlobal
